
Microsoft Visual Studio Solution File, Format Version 12.00
# Visual Studio Version 16
VisualStudioVersion = 16.0.31702.278
MinimumVisualStudioVersion = 10.0.40219.1
Project("{FAE04EC0-301F-11D3-BF4B-00C04F79EFBC}") = "PrjCadUsuario", "PrjCadUsuario\PrjCadUsuario.csproj", "{94335322-4F4D-4ADA-91DB-490F5BE0EC47}"
EndProject
Global
	GlobalSection(SolutionConfigurationPlatforms) = preSolution
		Debug|Any CPU = Debug|Any CPU
		Release|Any CPU = Release|Any CPU
	EndGlobalSection
	GlobalSection(ProjectConfigurationPlatforms) = postSolution
		{94335322-4F4D-4ADA-91DB-490F5BE0EC47}.Debug|Any CPU.ActiveCfg = Debug|Any CPU
		{94335322-4F4D-4ADA-91DB-490F5BE0EC47}.Debug|Any CPU.Build.0 = Debug|Any CPU
		{94335322-4F4D-4ADA-91DB-490F5BE0EC47}.Release|Any CPU.ActiveCfg = Release|Any CPU
		{94335322-4F4D-4ADA-91DB-490F5BE0EC47}.Release|Any CPU.Build.0 = Release|Any CPU
	EndGlobalSection
	GlobalSection(SolutionProperties) = preSolution
		HideSolutionNode = FALSE
	EndGlobalSection
	GlobalSection(ExtensibilityGlobals) = postSolution
		SolutionGuid = {237613FF-9CC2-4714-83A9-1D0DA664063D}
	EndGlobalSection
EndGlobal
